
Microsoft Visual Studio Solution File, Format Version 12.00
# Visual Studio Version 17
VisualStudioVersion = 17.6.33829.357
MinimumVisualStudioVersion = 10.0.40219.1
Project("{2150E333-8FDC-42A3-9474-1A3956D46DE8}") = "CodeFirst.Microservices", "CodeFirst.Microservices", "{70CB2F87-A976-43CA-AD9A-820C15D4037A}"
EndProject
Project("{2150E333-8FDC-42A3-9474-1A3956D46DE8}") = "CodeFirst.DB.MySql.Customer", "CodeFirst.DB.MySql.Customer", "{E28EE6FA-A172-4662-A0F5-E1B0CE620789}"
EndProject
Project("{2150E333-8FDC-42A3-9474-1A3956D46DE8}") = "CodeFirst.DB.SqlServer.Shopping", "CodeFirst.DB.SqlServer.Shopping", "{0C56D028-F048-440D-B525-78723B9ABA51}"
EndProject
Project("{2150E333-8FDC-42A3-9474-1A3956D46DE8}") = "CodeFirst.DB.PostgreSql.Payments", "CodeFirst.DB.PostgreSql.Payments", "{18600090-97F1-46B7-8ADF-50290BE9BB26}"
EndProject
Project("{2150E333-8FDC-42A3-9474-1A3956D46DE8}") = "Application", "Application", "{D3D6E436-2EAE-44EE-AE58-E9E920AC19CD}"
EndProject
Project("{2150E333-8FDC-42A3-9474-1A3956D46DE8}") = "Domain", "Domain", "{C474D46C-A1E3-443D-B532-26D9808C710B}"
EndProject
Project("{2150E333-8FDC-42A3-9474-1A3956D46DE8}") = "Infraestructure", "Infraestructure", "{262339C9-FAC0-4F24-B278-BF6F1587CBAD}"
EndProject
Project("{2150E333-8FDC-42A3-9474-1A3956D46DE8}") = "Presentation", "Presentation", "{8B90E8DA-5D12-4D89-9519-89659B5AB3D3}"
EndProject
Project("{FAE04EC0-301F-11D3-BF4B-00C04F79EFBC}") = "CodeFirst.DB.MySql.Customer.Application", "CodeFirst.DB.MySql.Application\CodeFirst.DB.MySql.Customer.Application.csproj", "{2B3917AD-8F95-437C-AD28-2ACD02E34A0E}"
EndProject
Project("{FAE04EC0-301F-11D3-BF4B-00C04F79EFBC}") = "CodeFirst.DB.MySql.Customer.Domain", "CodeFirst.DB.MySql.Domain\CodeFirst.DB.MySql.Customer.Domain.csproj", "{DD5CD0A4-A539-466D-A8C4-8D31AB68DABC}"
EndProject
Project("{FAE04EC0-301F-11D3-BF4B-00C04F79EFBC}") = "CodeFirst.DB.MySql.Customer.Infraestructure", "CodeFirst.DB.MySql.Infraestructure\CodeFirst.DB.MySql.Customer.Infraestructure.csproj", "{C36CF706-7FA3-40E2-9497-B8E625D53798}"
EndProject
Project("{FAE04EC0-301F-11D3-BF4B-00C04F79EFBC}") = "CodeFirst.DB.MySql.Customer.Api", "CodeFirst.DB.MySql.Api\CodeFirst.DB.MySql.Customer.Api.csproj", "{A830530B-A31B-4EA1-A0DF-DF18CAE5D0B4}"
EndProject
Project("{2150E333-8FDC-42A3-9474-1A3956D46DE8}") = "Application", "Application", "{6C6DA93C-8621-444A-97F3-6E818C03F709}"
EndProject
Project("{2150E333-8FDC-42A3-9474-1A3956D46DE8}") = "Domain", "Domain", "{20822F9A-5303-4BE3-8A5F-DF753CA6603E}"
EndProject
Project("{2150E333-8FDC-42A3-9474-1A3956D46DE8}") = "Infraestructure", "Infraestructure", "{6E8FFA01-2173-422E-B784-1BDEF9F92FFA}"
EndProject
Project("{2150E333-8FDC-42A3-9474-1A3956D46DE8}") = "Presentation", "Presentation", "{EBC6CEDD-89B6-41B7-95AE-D29326A48D0A}"
EndProject
Project("{2150E333-8FDC-42A3-9474-1A3956D46DE8}") = "Application", "Application", "{052EE5E7-C8D3-40EC-B242-28B517E7B428}"
EndProject
Project("{2150E333-8FDC-42A3-9474-1A3956D46DE8}") = "Domain", "Domain", "{CC312C4F-6A4B-4C55-A1CD-B32D8DD50B7C}"
EndProject
Project("{2150E333-8FDC-42A3-9474-1A3956D46DE8}") = "Infraestructure", "Infraestructure", "{6208B4E0-0435-4AFF-95E1-D0F7C59430C0}"
EndProject
Project("{2150E333-8FDC-42A3-9474-1A3956D46DE8}") = "Presentation", "Presentation", "{DC0033E4-7516-4AF5-B5FC-2EC4213942E5}"
EndProject
Project("{FAE04EC0-301F-11D3-BF4B-00C04F79EFBC}") = "CodeFirst.DB.SqlServer.Shopping.Domain", "CodeFirst.DB.SqlServer.Shopping.Domain\CodeFirst.DB.SqlServer.Shopping.Domain.csproj", "{00B9DF9E-D3E6-4AF9-B0A3-555B8F36CA3C}"
EndProject
Project("{FAE04EC0-301F-11D3-BF4B-00C04F79EFBC}") = "CodeFirst.DB.SqlServer.Shopping.Application", "CodeFirst.DB.SqlServer.Shopping.Application\CodeFirst.DB.SqlServer.Shopping.Application.csproj", "{F6DE0A80-8361-4CE4-B923-EF7831FC28C9}"
EndProject
Project("{FAE04EC0-301F-11D3-BF4B-00C04F79EFBC}") = "CodeFirst.DB.SqlServer.Shopping.Infraestructure", "CodeFirst.DB.SqlServer.Shopping.Infraestructure\CodeFirst.DB.SqlServer.Shopping.Infraestructure.csproj", "{C1D838DA-5574-49E1-8039-AB60A57E8BC0}"
EndProject
Project("{FAE04EC0-301F-11D3-BF4B-00C04F79EFBC}") = "CodeFirst.DB.SqlServer.Shopping.Api", "CodeFirst.DB.SqlServer.Shopping.Api\CodeFirst.DB.SqlServer.Shopping.Api.csproj", "{F7AB4561-D32D-4F80-AEF9-74AB848641C4}"
EndProject
Global
	GlobalSection(SolutionConfigurationPlatforms) = preSolution
		Debug|Any CPU = Debug|Any CPU
		Release|Any CPU = Release|Any CPU
	EndGlobalSection
	GlobalSection(ProjectConfigurationPlatforms) = postSolution
		{2B3917AD-8F95-437C-AD28-2ACD02E34A0E}.Debug|Any CPU.ActiveCfg = Debug|Any CPU
		{2B3917AD-8F95-437C-AD28-2ACD02E34A0E}.Debug|Any CPU.Build.0 = Debug|Any CPU
		{2B3917AD-8F95-437C-AD28-2ACD02E34A0E}.Release|Any CPU.ActiveCfg = Release|Any CPU
		{2B3917AD-8F95-437C-AD28-2ACD02E34A0E}.Release|Any CPU.Build.0 = Release|Any CPU
		{DD5CD0A4-A539-466D-A8C4-8D31AB68DABC}.Debug|Any CPU.ActiveCfg = Debug|Any CPU
		{DD5CD0A4-A539-466D-A8C4-8D31AB68DABC}.Debug|Any CPU.Build.0 = Debug|Any CPU
		{DD5CD0A4-A539-466D-A8C4-8D31AB68DABC}.Release|Any CPU.ActiveCfg = Release|Any CPU
		{DD5CD0A4-A539-466D-A8C4-8D31AB68DABC}.Release|Any CPU.Build.0 = Release|Any CPU
		{C36CF706-7FA3-40E2-9497-B8E625D53798}.Debug|Any CPU.ActiveCfg = Debug|Any CPU
		{C36CF706-7FA3-40E2-9497-B8E625D53798}.Debug|Any CPU.Build.0 = Debug|Any CPU
		{C36CF706-7FA3-40E2-9497-B8E625D53798}.Release|Any CPU.ActiveCfg = Release|Any CPU
		{C36CF706-7FA3-40E2-9497-B8E625D53798}.Release|Any CPU.Build.0 = Release|Any CPU
		{A830530B-A31B-4EA1-A0DF-DF18CAE5D0B4}.Debug|Any CPU.ActiveCfg = Debug|Any CPU
		{A830530B-A31B-4EA1-A0DF-DF18CAE5D0B4}.Debug|Any CPU.Build.0 = Debug|Any CPU
		{A830530B-A31B-4EA1-A0DF-DF18CAE5D0B4}.Release|Any CPU.ActiveCfg = Release|Any CPU
		{A830530B-A31B-4EA1-A0DF-DF18CAE5D0B4}.Release|Any CPU.Build.0 = Release|Any CPU
		{00B9DF9E-D3E6-4AF9-B0A3-555B8F36CA3C}.Debug|Any CPU.ActiveCfg = Debug|Any CPU
		{00B9DF9E-D3E6-4AF9-B0A3-555B8F36CA3C}.Debug|Any CPU.Build.0 = Debug|Any CPU
		{00B9DF9E-D3E6-4AF9-B0A3-555B8F36CA3C}.Release|Any CPU.ActiveCfg = Release|Any CPU
		{00B9DF9E-D3E6-4AF9-B0A3-555B8F36CA3C}.Release|Any CPU.Build.0 = Release|Any CPU
		{F6DE0A80-8361-4CE4-B923-EF7831FC28C9}.Debug|Any CPU.ActiveCfg = Debug|Any CPU
		{F6DE0A80-8361-4CE4-B923-EF7831FC28C9}.Debug|Any CPU.Build.0 = Debug|Any CPU
		{F6DE0A80-8361-4CE4-B923-EF7831FC28C9}.Release|Any CPU.ActiveCfg = Release|Any CPU
		{F6DE0A80-8361-4CE4-B923-EF7831FC28C9}.Release|Any CPU.Build.0 = Release|Any CPU
		{C1D838DA-5574-49E1-8039-AB60A57E8BC0}.Debug|Any CPU.ActiveCfg = Debug|Any CPU
		{C1D838DA-5574-49E1-8039-AB60A57E8BC0}.Debug|Any CPU.Build.0 = Debug|Any CPU
		{C1D838DA-5574-49E1-8039-AB60A57E8BC0}.Release|Any CPU.ActiveCfg = Release|Any CPU
		{C1D838DA-5574-49E1-8039-AB60A57E8BC0}.Release|Any CPU.Build.0 = Release|Any CPU
		{F7AB4561-D32D-4F80-AEF9-74AB848641C4}.Debug|Any CPU.ActiveCfg = Debug|Any CPU
		{F7AB4561-D32D-4F80-AEF9-74AB848641C4}.Debug|Any CPU.Build.0 = Debug|Any CPU
		{F7AB4561-D32D-4F80-AEF9-74AB848641C4}.Release|Any CPU.ActiveCfg = Release|Any CPU
		{F7AB4561-D32D-4F80-AEF9-74AB848641C4}.Release|Any CPU.Build.0 = Release|Any CPU
	EndGlobalSection
	GlobalSection(SolutionProperties) = preSolution
		HideSolutionNode = FALSE
	EndGlobalSection
	GlobalSection(NestedProjects) = preSolution
		{E28EE6FA-A172-4662-A0F5-E1B0CE620789} = {70CB2F87-A976-43CA-AD9A-820C15D4037A}
		{0C56D028-F048-440D-B525-78723B9ABA51} = {70CB2F87-A976-43CA-AD9A-820C15D4037A}
		{18600090-97F1-46B7-8ADF-50290BE9BB26} = {70CB2F87-A976-43CA-AD9A-820C15D4037A}
		{D3D6E436-2EAE-44EE-AE58-E9E920AC19CD} = {E28EE6FA-A172-4662-A0F5-E1B0CE620789}
		{C474D46C-A1E3-443D-B532-26D9808C710B} = {E28EE6FA-A172-4662-A0F5-E1B0CE620789}
		{262339C9-FAC0-4F24-B278-BF6F1587CBAD} = {E28EE6FA-A172-4662-A0F5-E1B0CE620789}
		{8B90E8DA-5D12-4D89-9519-89659B5AB3D3} = {E28EE6FA-A172-4662-A0F5-E1B0CE620789}
		{2B3917AD-8F95-437C-AD28-2ACD02E34A0E} = {D3D6E436-2EAE-44EE-AE58-E9E920AC19CD}
		{DD5CD0A4-A539-466D-A8C4-8D31AB68DABC} = {C474D46C-A1E3-443D-B532-26D9808C710B}
		{C36CF706-7FA3-40E2-9497-B8E625D53798} = {262339C9-FAC0-4F24-B278-BF6F1587CBAD}
		{A830530B-A31B-4EA1-A0DF-DF18CAE5D0B4} = {8B90E8DA-5D12-4D89-9519-89659B5AB3D3}
		{6C6DA93C-8621-444A-97F3-6E818C03F709} = {18600090-97F1-46B7-8ADF-50290BE9BB26}
		{20822F9A-5303-4BE3-8A5F-DF753CA6603E} = {18600090-97F1-46B7-8ADF-50290BE9BB26}
		{6E8FFA01-2173-422E-B784-1BDEF9F92FFA} = {18600090-97F1-46B7-8ADF-50290BE9BB26}
		{EBC6CEDD-89B6-41B7-95AE-D29326A48D0A} = {18600090-97F1-46B7-8ADF-50290BE9BB26}
		{052EE5E7-C8D3-40EC-B242-28B517E7B428} = {0C56D028-F048-440D-B525-78723B9ABA51}
		{CC312C4F-6A4B-4C55-A1CD-B32D8DD50B7C} = {0C56D028-F048-440D-B525-78723B9ABA51}
		{6208B4E0-0435-4AFF-95E1-D0F7C59430C0} = {0C56D028-F048-440D-B525-78723B9ABA51}
		{DC0033E4-7516-4AF5-B5FC-2EC4213942E5} = {0C56D028-F048-440D-B525-78723B9ABA51}
		{00B9DF9E-D3E6-4AF9-B0A3-555B8F36CA3C} = {CC312C4F-6A4B-4C55-A1CD-B32D8DD50B7C}
		{F6DE0A80-8361-4CE4-B923-EF7831FC28C9} = {052EE5E7-C8D3-40EC-B242-28B517E7B428}
		{C1D838DA-5574-49E1-8039-AB60A57E8BC0} = {6208B4E0-0435-4AFF-95E1-D0F7C59430C0}
		{F7AB4561-D32D-4F80-AEF9-74AB848641C4} = {DC0033E4-7516-4AF5-B5FC-2EC4213942E5}
	EndGlobalSection
	GlobalSection(ExtensibilityGlobals) = postSolution
		SolutionGuid = {8581AFB0-FF72-4EE6-BCCF-45D9F3BA4489}
	EndGlobalSection
EndGlobal
